
Microsoft Visual Studio Solution File, Format Version 12.00
# Visual Studio 15
VisualStudioVersion = 15.0.27703.2000
MinimumVisualStudioVersion = 10.0.40219.1
Project("{FAE04EC0-301F-11D3-BF4B-00C04F79EFBC}") = "TeaPowered", "TeaPowered\TeaPowered.csproj", "{43DACC0F-0B4D-4F35-B352-BFB8820DCDFB}"
EndProject
Global
	GlobalSection(SolutionConfigurationPlatforms) = preSolution
		Debug|Any CPU = Debug|Any CPU
		Release|Any CPU = Release|Any CPU
	EndGlobalSection
	GlobalSection(ProjectConfigurationPlatforms) = postSolution
		{43DACC0F-0B4D-4F35-B352-BFB8820DCDFB}.Debug|Any CPU.ActiveCfg = Debug|Any CPU
		{43DACC0F-0B4D-4F35-B352-BFB8820DCDFB}.Debug|Any CPU.Build.0 = Debug|Any CPU
		{43DACC0F-0B4D-4F35-B352-BFB8820DCDFB}.Release|Any CPU.ActiveCfg = Release|Any CPU
		{43DACC0F-0B4D-4F35-B352-BFB8820DCDFB}.Release|Any CPU.Build.0 = Release|Any CPU
	EndGlobalSection
	GlobalSection(SolutionProperties) = preSolution
		HideSolutionNode = FALSE
	EndGlobalSection
	GlobalSection(ExtensibilityGlobals) = postSolution
		SolutionGuid = {89FB757A-EDF3-4DA8-A68B-58F67868E47C}
	EndGlobalSection
EndGlobal
